// !$*UTF8*$!
{
	archiveVersion = 1;
	classes = {
	};
	objectVersion = 52;
	objects = {

/* Begin PBXBuildFile section */
		B5205F92268FF51C00022CCD /* FencingApp.swift in Sources */ = {isa = PBXBuildFile; fileRef = B5205F91268FF51C00022CCD /* FencingApp.swift */; };
		B5205F94268FF51C00022CCD /* ContentView.swift in Sources */ = {isa = PBXBuildFile; fileRef = B5205F93268FF51C00022CCD /* ContentView.swift */; };
		B5205F96268FF51D00022CCD /* Assets.xcassets in Resources */ = {isa = PBXBuildFile; fileRef = B5205F95268FF51D00022CCD /* Assets.xcassets */; };
		B5205F99268FF51D00022CCD /* Preview Assets.xcassets in Resources */ = {isa = PBXBuildFile; fileRef = B5205F98268FF51D00022CCD /* Preview Assets.xcassets */; };
		B5205F9B268FF51D00022CCD /* Persistence.swift in Sources */ = {isa = PBXBuildFile; fileRef = B5205F9A268FF51D00022CCD /* Persistence.swift */; };
		B5205F9E268FF51D00022CCD /* Fencing.xcdatamodeld in Sources */ = {isa = PBXBuildFile; fileRef = B5205F9C268FF51D00022CCD /* Fencing.xcdatamodeld */; };
		B5205FA9268FF51E00022CCD /* FencingTests.swift in Sources */ = {isa = PBXBuildFile; fileRef = B5205FA8268FF51E00022CCD /* FencingTests.swift */; };
		B5205FB4268FF51E00022CCD /* FencingUITests.swift in Sources */ = {isa = PBXBuildFile; fileRef = B5205FB3268FF51E00022CCD /* FencingUITests.swift */; };
		B5205FC52690361500022CCD /* PopupView in Frameworks */ = {isa = PBXBuildFile; productRef = B5205FC42690361500022CCD /* PopupView */; };
		B5205FD42690AF2200022CCD /* Bout+CoreDataClass.swift in Sources */ = {isa = PBXBuildFile; fileRef = B5205FD02690AF2200022CCD /* Bout+CoreDataClass.swift */; };
		B5205FD52690AF2200022CCD /* Bout+CoreDataProperties.swift in Sources */ = {isa = PBXBuildFile; fileRef = B5205FD12690AF2200022CCD /* Bout+CoreDataProperties.swift */; };
		B5205FD62690AF2200022CCD /* Pool+CoreDataClass.swift in Sources */ = {isa = PBXBuildFile; fileRef = B5205FD22690AF2200022CCD /* Pool+CoreDataClass.swift */; };
		B5205FD72690AF2200022CCD /* Pool+CoreDataProperties.swift in Sources */ = {isa = PBXBuildFile; fileRef = B5205FD32690AF2200022CCD /* Pool+CoreDataProperties.swift */; };
		B5205FDD2690BA5A00022CCD /* PoolView.swift in Sources */ = {isa = PBXBuildFile; fileRef = B5205FDC2690BA5A00022CCD /* PoolView.swift */; };
		B5205FE02690E24200022CCD /* Fencer+CoreDataClass.swift in Sources */ = {isa = PBXBuildFile; fileRef = B5205FDE2690E24200022CCD /* Fencer+CoreDataClass.swift */; };
		B5205FE12690E24200022CCD /* Fencer+CoreDataProperties.swift in Sources */ = {isa = PBXBuildFile; fileRef = B5205FDF2690E24200022CCD /* Fencer+CoreDataProperties.swift */; };
		B52FA61626910A4300CD5331 /* FormatScore.swift in Sources */ = {isa = PBXBuildFile; fileRef = B52FA61526910A4300CD5331 /* FormatScore.swift */; };
		B52FA618269170AF00CD5331 /* SettingsView.swift in Sources */ = {isa = PBXBuildFile; fileRef = B52FA617269170AF00CD5331 /* SettingsView.swift */; };
		B52FA61C2691827700CD5331 /* GridInfo.swift in Sources */ = {isa = PBXBuildFile; fileRef = B52FA61B2691827700CD5331 /* GridInfo.swift */; };
		B52FA6202692AF2C00CD5331 /* Colors.swift in Sources */ = {isa = PBXBuildFile; fileRef = B52FA61F2692AF2C00CD5331 /* Colors.swift */; };
		B52FA6222692BFA100CD5331 /* Zoom.swift in Sources */ = {isa = PBXBuildFile; fileRef = B52FA6212692BFA100CD5331 /* Zoom.swift */; };
		B52FA6242692C36C00CD5331 /* AllBracketsView.swift in Sources */ = {isa = PBXBuildFile; fileRef = B52FA6232692C36C00CD5331 /* AllBracketsView.swift */; };
		B52FA6262692DBF600CD5331 /* View-if.swift in Sources */ = {isa = PBXBuildFile; fileRef = B52FA6252692DBF600CD5331 /* View-if.swift */; };
		B52FA62E2693BFE400CD5331 /* ShareViewController.swift in Sources */ = {isa = PBXBuildFile; fileRef = B52FA62D2693BFE400CD5331 /* ShareViewController.swift */; };
		B52FA6312693BFE400CD5331 /* MainInterface.storyboard in Resources */ = {isa = PBXBuildFile; fileRef = B52FA62F2693BFE400CD5331 /* MainInterface.storyboard */; };
		B52FA6352693BFE400CD5331 /* FencingTimeURL.appex in Embed App Extensions */ = {isa = PBXBuildFile; fileRef = B52FA62B2693BFE400CD5331 /* FencingTimeURL.appex */; settings = {ATTRIBUTES = (RemoveHeadersOnCopy, ); }; };
		B52FA63D2693C2B400CD5331 /* ExtensionClass.js in Resources */ = {isa = PBXBuildFile; fileRef = B52FA63C2693C2B400CD5331 /* ExtensionClass.js */; };
		B5367C8C26955B1300A3C12E /* Color-AppStorage.swift in Sources */ = {isa = PBXBuildFile; fileRef = B5367C8B26955B1300A3C12E /* Color-AppStorage.swift */; };
		B5367C8E26955ECC00A3C12E /* PoolInfo.swift in Sources */ = {isa = PBXBuildFile; fileRef = B5367C8D26955ECC00A3C12E /* PoolInfo.swift */; };
		B575CD322697576200E8D748 /* String-substring.swift in Sources */ = {isa = PBXBuildFile; fileRef = B575CD312697576200E8D748 /* String-substring.swift */; };
		B575CD342697595400E8D748 /* UITextField-Toolbar.swift in Sources */ = {isa = PBXBuildFile; fileRef = B575CD332697595400E8D748 /* UITextField-Toolbar.swift */; };
		B575CD362698E63E00E8D748 /* BracketOfEight.swift in Sources */ = {isa = PBXBuildFile; fileRef = B575CD352698E63E00E8D748 /* BracketOfEight.swift */; };
		B575CD3B26996C0200E8D748 /* DE Orders.swift in Sources */ = {isa = PBXBuildFile; fileRef = B575CD3A26996C0200E8D748 /* DE Orders.swift */; };
		B575CD3D2699ED9600E8D748 /* BracketOfSixteen.swift in Sources */ = {isa = PBXBuildFile; fileRef = B575CD3C2699ED9600E8D748 /* BracketOfSixteen.swift */; };
		B575CD3F2699F14D00E8D748 /* Array-Chunked.swift in Sources */ = {isa = PBXBuildFile; fileRef = B575CD3E2699F14D00E8D748 /* Array-Chunked.swift */; };
		B575CD412699F41900E8D748 /* BracketView.swift in Sources */ = {isa = PBXBuildFile; fileRef = B575CD402699F41900E8D748 /* BracketView.swift */; };
		B575CD43269A0CF200E8D748 /* Enums.swift in Sources */ = {isa = PBXBuildFile; fileRef = B575CD42269A0CF200E8D748 /* Enums.swift */; };
		B575CD46269A0DB300E8D748 /* BracketItem+CoreDataClass.swift in Sources */ = {isa = PBXBuildFile; fileRef = B575CD44269A0DB300E8D748 /* BracketItem+CoreDataClass.swift */; };
		B575CD47269A0DB300E8D748 /* BracketItem+CoreDataProperties.swift in Sources */ = {isa = PBXBuildFile; fileRef = B575CD45269A0DB300E8D748 /* BracketItem+CoreDataProperties.swift */; };
		B575CD49269CAEE100E8D748 /* NotificationCenter.swift in Sources */ = {isa = PBXBuildFile; fileRef = B575CD48269CAEE100E8D748 /* NotificationCenter.swift */; };
		B575CD51269CE8AF00E8D748 /* Array-RawRepresentable.swift in Sources */ = {isa = PBXBuildFile; fileRef = B575CD50269CE8AF00E8D748 /* Array-RawRepresentable.swift */; };
		B575CD55269DC84000E8D748 /* BoardingPage.swift in Sources */ = {isa = PBXBuildFile; fileRef = B575CD54269DC84000E8D748 /* BoardingPage.swift */; };
/* End PBXBuildFile section */

/* Begin PBXContainerItemProxy section */
		B5205FA5268FF51E00022CCD /* PBXContainerItemProxy */ = {
			isa = PBXContainerItemProxy;
			containerPortal = B5205F86268FF51C00022CCD /* Project object */;
			proxyType = 1;
			remoteGlobalIDString = B5205F8D268FF51C00022CCD;
			remoteInfo = Fencing;
		};
		B5205FB0268FF51E00022CCD /* PBXContainerItemProxy */ = {
			isa = PBXContainerItemProxy;
			containerPortal = B5205F86268FF51C00022CCD /* Project object */;
			proxyType = 1;
			remoteGlobalIDString = B5205F8D268FF51C00022CCD;
			remoteInfo = Fencing;
		};
		B52FA6332693BFE400CD5331 /* PBXContainerItemProxy */ = {
			isa = PBXContainerItemProxy;
			containerPortal = B5205F86268FF51C00022CCD /* Project object */;
			proxyType = 1;
			remoteGlobalIDString = B52FA62A2693BFE400CD5331;
			remoteInfo = FencingTimeURL;
		};
/* End PBXContainerItemProxy section */

/* Begin PBXCopyFilesBuildPhase section */
		B52FA6392693BFE400CD5331 /* Embed App Extensions */ = {
			isa = PBXCopyFilesBuildPhase;
			buildActionMask = 2147483647;
			dstPath = "";
			dstSubfolderSpec = 13;
			files = (
				B52FA6352693BFE400CD5331 /* FencingTimeURL.appex in Embed App Extensions */,
			);
			name = "Embed App Extensions";
			runOnlyForDeploymentPostprocessing = 0;
		};
/* End PBXCopyFilesBuildPhase section */

/* Begin PBXFileReference section */
		B5205F8E268FF51C00022CCD /* Fencing.app */ = {isa = PBXFileReference; explicitFileType = wrapper.application; includeInIndex = 0; path = Fencing.app; sourceTree = BUILT_PRODUCTS_DIR; };
		B5205F91268FF51C00022CCD /* FencingApp.swift */ = {isa = PBXFileReference; lastKnownFileType = sourcecode.swift; path = FencingApp.swift; sourceTree = "<group>"; };
		B5205F93268FF51C00022CCD /* ContentView.swift */ = {isa = PBXFileReference; lastKnownFileType = sourcecode.swift; path = ContentView.swift; sourceTree = "<group>"; };
		B5205F95268FF51D00022CCD /* Assets.xcassets */ = {isa = PBXFileReference; lastKnownFileType = folder.assetcatalog; path = Assets.xcassets; sourceTree = "<group>"; };
		B5205F98268FF51D00022CCD /* Preview Assets.xcassets */ = {isa = PBXFileReference; lastKnownFileType = folder.assetcatalog; path = "Preview Assets.xcassets"; sourceTree = "<group>"; };
		B5205F9A268FF51D00022CCD /* Persistence.swift */ = {isa = PBXFileReference; lastKnownFileType = sourcecode.swift; path = Persistence.swift; sourceTree = "<group>"; };
		B5205F9D268FF51D00022CCD /* Fencing.xcdatamodel */ = {isa = PBXFileReference; lastKnownFileType = wrapper.xcdatamodel; path = Fencing.xcdatamodel; sourceTree = "<group>"; };
		B5205F9F268FF51D00022CCD /* Info.plist */ = {isa = PBXFileReference; lastKnownFileType = text.plist.xml; path = Info.plist; sourceTree = "<group>"; };
		B5205FA4268FF51E00022CCD /* FencingTests.xctest */ = {isa = PBXFileReference; explicitFileType = wrapper.cfbundle; includeInIndex = 0; path = FencingTests.xctest; sourceTree = BUILT_PRODUCTS_DIR; };
		B5205FA8268FF51E00022CCD /* FencingTests.swift */ = {isa = PBXFileReference; lastKnownFileType = sourcecode.swift; path = FencingTests.swift; sourceTree = "<group>"; };
		B5205FAA268FF51E00022CCD /* Info.plist */ = {isa = PBXFileReference; lastKnownFileType = text.plist.xml; path = Info.plist; sourceTree = "<group>"; };
		B5205FAF268FF51E00022CCD /* FencingUITests.xctest */ = {isa = PBXFileReference; explicitFileType = wrapper.cfbundle; includeInIndex = 0; path = FencingUITests.xctest; sourceTree = BUILT_PRODUCTS_DIR; };
		B5205FB3268FF51E00022CCD /* FencingUITests.swift */ = {isa = PBXFileReference; lastKnownFileType = sourcecode.swift; path = FencingUITests.swift; sourceTree = "<group>"; };
		B5205FB5268FF51E00022CCD /* Info.plist */ = {isa = PBXFileReference; lastKnownFileType = text.plist.xml; path = Info.plist; sourceTree = "<group>"; };
		B5205FD02690AF2200022CCD /* Bout+CoreDataClass.swift */ = {isa = PBXFileReference; lastKnownFileType = sourcecode.swift; path = "Bout+CoreDataClass.swift"; sourceTree = SOURCE_ROOT; };
		B5205FD12690AF2200022CCD /* Bout+CoreDataProperties.swift */ = {isa = PBXFileReference; lastKnownFileType = sourcecode.swift; path = "Bout+CoreDataProperties.swift"; sourceTree = SOURCE_ROOT; };
		B5205FD22690AF2200022CCD /* Pool+CoreDataClass.swift */ = {isa = PBXFileReference; lastKnownFileType = sourcecode.swift; path = "Pool+CoreDataClass.swift"; sourceTree = SOURCE_ROOT; };
		B5205FD32690AF2200022CCD /* Pool+CoreDataProperties.swift */ = {isa = PBXFileReference; lastKnownFileType = sourcecode.swift; path = "Pool+CoreDataProperties.swift"; sourceTree = SOURCE_ROOT; };
		B5205FDC2690BA5A00022CCD /* PoolView.swift */ = {isa = PBXFileReference; lastKnownFileType = sourcecode.swift; path = PoolView.swift; sourceTree = "<group>"; };
		B5205FDE2690E24200022CCD /* Fencer+CoreDataClass.swift */ = {isa = PBXFileReference; lastKnownFileType = sourcecode.swift; path = "Fencer+CoreDataClass.swift"; sourceTree = SOURCE_ROOT; };
		B5205FDF2690E24200022CCD /* Fencer+CoreDataProperties.swift */ = {isa = PBXFileReference; lastKnownFileType = sourcecode.swift; path = "Fencer+CoreDataProperties.swift"; sourceTree = SOURCE_ROOT; };
		B52FA61526910A4300CD5331 /* FormatScore.swift */ = {isa = PBXFileReference; lastKnownFileType = sourcecode.swift; path = FormatScore.swift; sourceTree = "<group>"; };
		B52FA617269170AF00CD5331 /* SettingsView.swift */ = {isa = PBXFileReference; lastKnownFileType = sourcecode.swift; path = SettingsView.swift; sourceTree = "<group>"; };
		B52FA61B2691827700CD5331 /* GridInfo.swift */ = {isa = PBXFileReference; lastKnownFileType = sourcecode.swift; path = GridInfo.swift; sourceTree = "<group>"; };
		B52FA61F2692AF2C00CD5331 /* Colors.swift */ = {isa = PBXFileReference; lastKnownFileType = sourcecode.swift; path = Colors.swift; sourceTree = "<group>"; };
		B52FA6212692BFA100CD5331 /* Zoom.swift */ = {isa = PBXFileReference; lastKnownFileType = sourcecode.swift; path = Zoom.swift; sourceTree = "<group>"; };
		B52FA6232692C36C00CD5331 /* AllBracketsView.swift */ = {isa = PBXFileReference; lastKnownFileType = sourcecode.swift; path = AllBracketsView.swift; sourceTree = "<group>"; };
		B52FA6252692DBF600CD5331 /* View-if.swift */ = {isa = PBXFileReference; lastKnownFileType = sourcecode.swift; path = "View-if.swift"; sourceTree = "<group>"; };
		B52FA62B2693BFE400CD5331 /* FencingTimeURL.appex */ = {isa = PBXFileReference; explicitFileType = "wrapper.app-extension"; includeInIndex = 0; path = FencingTimeURL.appex; sourceTree = BUILT_PRODUCTS_DIR; };
		B52FA62D2693BFE400CD5331 /* ShareViewController.swift */ = {isa = PBXFileReference; lastKnownFileType = sourcecode.swift; path = ShareViewController.swift; sourceTree = "<group>"; };
		B52FA6302693BFE400CD5331 /* Base */ = {isa = PBXFileReference; lastKnownFileType = file.storyboard; name = Base; path = Base.lproj/MainInterface.storyboard; sourceTree = "<group>"; };
		B52FA6322693BFE400CD5331 /* Info.plist */ = {isa = PBXFileReference; lastKnownFileType = text.plist.xml; path = Info.plist; sourceTree = "<group>"; };
		B52FA63C2693C2B400CD5331 /* ExtensionClass.js */ = {isa = PBXFileReference; lastKnownFileType = sourcecode.javascript; path = ExtensionClass.js; sourceTree = "<group>"; };
		B5367C8B26955B1300A3C12E /* Color-AppStorage.swift */ = {isa = PBXFileReference; lastKnownFileType = sourcecode.swift; path = "Color-AppStorage.swift"; sourceTree = "<group>"; };
		B5367C8D26955ECC00A3C12E /* PoolInfo.swift */ = {isa = PBXFileReference; lastKnownFileType = sourcecode.swift; path = PoolInfo.swift; sourceTree = "<group>"; };
		B575CD312697576200E8D748 /* String-substring.swift */ = {isa = PBXFileReference; lastKnownFileType = sourcecode.swift; path = "String-substring.swift"; sourceTree = "<group>"; };
		B575CD332697595400E8D748 /* UITextField-Toolbar.swift */ = {isa = PBXFileReference; lastKnownFileType = sourcecode.swift; path = "UITextField-Toolbar.swift"; sourceTree = "<group>"; };
		B575CD352698E63E00E8D748 /* BracketOfEight.swift */ = {isa = PBXFileReference; lastKnownFileType = sourcecode.swift; path = BracketOfEight.swift; sourceTree = "<group>"; };
		B575CD3A26996C0200E8D748 /* DE Orders.swift */ = {isa = PBXFileReference; lastKnownFileType = sourcecode.swift; path = "DE Orders.swift"; sourceTree = "<group>"; };
		B575CD3C2699ED9600E8D748 /* BracketOfSixteen.swift */ = {isa = PBXFileReference; lastKnownFileType = sourcecode.swift; path = BracketOfSixteen.swift; sourceTree = "<group>"; };
		B575CD3E2699F14D00E8D748 /* Array-Chunked.swift */ = {isa = PBXFileReference; lastKnownFileType = sourcecode.swift; path = "Array-Chunked.swift"; sourceTree = "<group>"; };
		B575CD402699F41900E8D748 /* BracketView.swift */ = {isa = PBXFileReference; lastKnownFileType = sourcecode.swift; path = BracketView.swift; sourceTree = "<group>"; };
		B575CD42269A0CF200E8D748 /* Enums.swift */ = {isa = PBXFileReference; lastKnownFileType = sourcecode.swift; path = Enums.swift; sourceTree = "<group>"; };
		B575CD44269A0DB300E8D748 /* BracketItem+CoreDataClass.swift */ = {isa = PBXFileReference; lastKnownFileType = sourcecode.swift; path = "BracketItem+CoreDataClass.swift"; sourceTree = SOURCE_ROOT; };
		B575CD45269A0DB300E8D748 /* BracketItem+CoreDataProperties.swift */ = {isa = PBXFileReference; lastKnownFileType = sourcecode.swift; path = "BracketItem+CoreDataProperties.swift"; sourceTree = SOURCE_ROOT; };
		B575CD48269CAEE100E8D748 /* NotificationCenter.swift */ = {isa = PBXFileReference; lastKnownFileType = sourcecode.swift; path = NotificationCenter.swift; sourceTree = "<group>"; };
		B575CD50269CE8AF00E8D748 /* Array-RawRepresentable.swift */ = {isa = PBXFileReference; lastKnownFileType = sourcecode.swift; path = "Array-RawRepresentable.swift"; sourceTree = "<group>"; };
		B575CD54269DC84000E8D748 /* BoardingPage.swift */ = {isa = PBXFileReference; lastKnownFileType = sourcecode.swift; path = BoardingPage.swift; sourceTree = "<group>"; };
/* End PBXFileReference section */

/* Begin PBXFrameworksBuildPhase section */
		B5205F8B268FF51C00022CCD /* Frameworks */ = {
			isa = PBXFrameworksBuildPhase;
			buildActionMask = 2147483647;
			files = (
				B5205FC52690361500022CCD /* PopupView in Frameworks */,
			);
			runOnlyForDeploymentPostprocessing = 0;
		};
		B5205FA1268FF51E00022CCD /* Frameworks */ = {
			isa = PBXFrameworksBuildPhase;
			buildActionMask = 2147483647;
			files = (
			);
			runOnlyForDeploymentPostprocessing = 0;
		};
		B5205FAC268FF51E00022CCD /* Frameworks */ = {
			isa = PBXFrameworksBuildPhase;
			buildActionMask = 2147483647;
			files = (
			);
			runOnlyForDeploymentPostprocessing = 0;
		};
		B52FA6282693BFE400CD5331 /* Frameworks */ = {
			isa = PBXFrameworksBuildPhase;
			buildActionMask = 2147483647;
			files = (
			);
			runOnlyForDeploymentPostprocessing = 0;
		};
/* End PBXFrameworksBuildPhase section */

/* Begin PBXGroup section */
		B5205F85268FF51C00022CCD = {
			isa = PBXGroup;
			children = (
				B5205F90268FF51C00022CCD /* Fencing */,
				B5205FA7268FF51E00022CCD /* FencingTests */,
				B5205FB2268FF51E00022CCD /* FencingUITests */,
				B52FA62C2693BFE400CD5331 /* FencingTimeURL */,
				B5205F8F268FF51C00022CCD /* Products */,
			);
			sourceTree = "<group>";
		};
		B5205F8F268FF51C00022CCD /* Products */ = {
			isa = PBXGroup;
			children = (
				B5205F8E268FF51C00022CCD /* Fencing.app */,
				B5205FA4268FF51E00022CCD /* FencingTests.xctest */,
				B5205FAF268FF51E00022CCD /* FencingUITests.xctest */,
				B52FA62B2693BFE400CD5331 /* FencingTimeURL.appex */,
			);
			name = Products;
			sourceTree = "<group>";
		};
		B5205F90268FF51C00022CCD /* Fencing */ = {
			isa = PBXGroup;
			children = (
				B5205F91268FF51C00022CCD /* FencingApp.swift */,
				B575CD54269DC84000E8D748 /* BoardingPage.swift */,
				B5205F93268FF51C00022CCD /* ContentView.swift */,
				B52FA617269170AF00CD5331 /* SettingsView.swift */,
				B5205FDC2690BA5A00022CCD /* PoolView.swift */,
				B5367C8D26955ECC00A3C12E /* PoolInfo.swift */,
				B52FA6232692C36C00CD5331 /* AllBracketsView.swift */,
				B575CD402699F41900E8D748 /* BracketView.swift */,
				B575CD3A26996C0200E8D748 /* DE Orders.swift */,
				B575CD352698E63E00E8D748 /* BracketOfEight.swift */,
				B575CD3C2699ED9600E8D748 /* BracketOfSixteen.swift */,
				B5205F95268FF51D00022CCD /* Assets.xcassets */,
				B5205F9F268FF51D00022CCD /* Info.plist */,
				B52FA61226910A0000CD5331 /* Extensions */,
				B5205FC62690AED300022CCD /* CoreData */,
				B5205F97268FF51D00022CCD /* Preview Content */,
			);
			path = Fencing;
			sourceTree = "<group>";
		};
		B5205F97268FF51D00022CCD /* Preview Content */ = {
			isa = PBXGroup;
			children = (
				B5205F98268FF51D00022CCD /* Preview Assets.xcassets */,
			);
			path = "Preview Content";
			sourceTree = "<group>";
		};
		B5205FA7268FF51E00022CCD /* FencingTests */ = {
			isa = PBXGroup;
			children = (
				B5205FA8268FF51E00022CCD /* FencingTests.swift */,
				B5205FAA268FF51E00022CCD /* Info.plist */,
			);
			path = FencingTests;
			sourceTree = "<group>";
		};
		B5205FB2268FF51E00022CCD /* FencingUITests */ = {
			isa = PBXGroup;
			children = (
				B5205FB3268FF51E00022CCD /* FencingUITests.swift */,
				B5205FB5268FF51E00022CCD /* Info.plist */,
			);
			path = FencingUITests;
			sourceTree = "<group>";
		};
		B5205FC62690AED300022CCD /* CoreData */ = {
			isa = PBXGroup;
			children = (
				B5205FC72690AEE600022CCD /* Entities */,
				B5205F9A268FF51D00022CCD /* Persistence.swift */,
				B5205F9C268FF51D00022CCD /* Fencing.xcdatamodeld */,
			);
			path = CoreData;
			sourceTree = "<group>";
		};
		B5205FC72690AEE600022CCD /* Entities */ = {
			isa = PBXGroup;
			children = (
				B575CD44269A0DB300E8D748 /* BracketItem+CoreDataClass.swift */,
				B575CD45269A0DB300E8D748 /* BracketItem+CoreDataProperties.swift */,
				B5205FDE2690E24200022CCD /* Fencer+CoreDataClass.swift */,
				B575CD48269CAEE100E8D748 /* NotificationCenter.swift */,
				B5205FDF2690E24200022CCD /* Fencer+CoreDataProperties.swift */,
				B5205FD02690AF2200022CCD /* Bout+CoreDataClass.swift */,
				B5205FD12690AF2200022CCD /* Bout+CoreDataProperties.swift */,
				B5205FD22690AF2200022CCD /* Pool+CoreDataClass.swift */,
				B5205FD32690AF2200022CCD /* Pool+CoreDataProperties.swift */,
			);
			path = Entities;
			sourceTree = "<group>";
		};
		B52FA61226910A0000CD5331 /* Extensions */ = {
			isa = PBXGroup;
			children = (
				B52FA61526910A4300CD5331 /* FormatScore.swift */,
				B575CD332697595400E8D748 /* UITextField-Toolbar.swift */,
				B575CD3E2699F14D00E8D748 /* Array-Chunked.swift */,
				B575CD50269CE8AF00E8D748 /* Array-RawRepresentable.swift */,
				B575CD312697576200E8D748 /* String-substring.swift */,
				B52FA6212692BFA100CD5331 /* Zoom.swift */,
				B52FA61F2692AF2C00CD5331 /* Colors.swift */,
				B52FA61B2691827700CD5331 /* GridInfo.swift */,
				B52FA6252692DBF600CD5331 /* View-if.swift */,
				B5367C8B26955B1300A3C12E /* Color-AppStorage.swift */,
				B575CD42269A0CF200E8D748 /* Enums.swift */,
			);
			path = Extensions;
			sourceTree = "<group>";
		};
		B52FA62C2693BFE400CD5331 /* FencingTimeURL */ = {
			isa = PBXGroup;
			children = (
				B52FA62D2693BFE400CD5331 /* ShareViewController.swift */,
				B52FA63C2693C2B400CD5331 /* ExtensionClass.js */,
				B52FA62F2693BFE400CD5331 /* MainInterface.storyboard */,
				B52FA6322693BFE400CD5331 /* Info.plist */,
			);
			path = FencingTimeURL;
			sourceTree = "<group>";
		};
/* End PBXGroup section */

/* Begin PBXNativeTarget section */
		B5205F8D268FF51C00022CCD /* Fencing */ = {
			isa = PBXNativeTarget;
			buildConfigurationList = B5205FB8268FF51E00022CCD /* Build configuration list for PBXNativeTarget "Fencing" */;
			buildPhases = (
				B5205F8A268FF51C00022CCD /* Sources */,
				B5205F8B268FF51C00022CCD /* Frameworks */,
				B5205F8C268FF51C00022CCD /* Resources */,
				B52FA6392693BFE400CD5331 /* Embed App Extensions */,
			);
			buildRules = (
			);
			dependencies = (
				B52FA6342693BFE400CD5331 /* PBXTargetDependency */,
			);
			name = Fencing;
			packageProductDependencies = (
				B5205FC42690361500022CCD /* PopupView */,
			);
			productName = Fencing;
			productReference = B5205F8E268FF51C00022CCD /* Fencing.app */;
			productType = "com.apple.product-type.application";
		};
		B5205FA3268FF51E00022CCD /* FencingTests */ = {
			isa = PBXNativeTarget;
			buildConfigurationList = B5205FBB268FF51E00022CCD /* Build configuration list for PBXNativeTarget "FencingTests" */;
			buildPhases = (
				B5205FA0268FF51E00022CCD /* Sources */,
				B5205FA1268FF51E00022CCD /* Frameworks */,
				B5205FA2268FF51E00022CCD /* Resources */,
			);
			buildRules = (
			);
			dependencies = (
				B5205FA6268FF51E00022CCD /* PBXTargetDependency */,
			);
			name = FencingTests;
			productName = FencingTests;
			productReference = B5205FA4268FF51E00022CCD /* FencingTests.xctest */;
			productType = "com.apple.product-type.bundle.unit-test";
		};
		B5205FAE268FF51E00022CCD /* FencingUITests */ = {
			isa = PBXNativeTarget;
			buildConfigurationList = B5205FBE268FF51E00022CCD /* Build configuration list for PBXNativeTarget "FencingUITests" */;
			buildPhases = (
				B5205FAB268FF51E00022CCD /* Sources */,
				B5205FAC268FF51E00022CCD /* Frameworks */,
				B5205FAD268FF51E00022CCD /* Resources */,
			);
			buildRules = (
			);
			dependencies = (
				B5205FB1268FF51E00022CCD /* PBXTargetDependency */,
			);
			name = FencingUITests;
			productName = FencingUITests;
			productReference = B5205FAF268FF51E00022CCD /* FencingUITests.xctest */;
			productType = "com.apple.product-type.bundle.ui-testing";
		};
		B52FA62A2693BFE400CD5331 /* FencingTimeURL */ = {
			isa = PBXNativeTarget;
			buildConfigurationList = B52FA6362693BFE400CD5331 /* Build configuration list for PBXNativeTarget "FencingTimeURL" */;
			buildPhases = (
				B52FA6272693BFE400CD5331 /* Sources */,
				B52FA6282693BFE400CD5331 /* Frameworks */,
				B52FA6292693BFE400CD5331 /* Resources */,
			);
			buildRules = (
			);
			dependencies = (
			);
			name = FencingTimeURL;
			productName = FencingTimeURL;
			productReference = B52FA62B2693BFE400CD5331 /* FencingTimeURL.appex */;
			productType = "com.apple.product-type.app-extension";
		};
/* End PBXNativeTarget section */

/* Begin PBXProject section */
		B5205F86268FF51C00022CCD /* Project object */ = {
			isa = PBXProject;
			attributes = {
				LastSwiftUpdateCheck = 1250;
				LastUpgradeCheck = 1250;
				TargetAttributes = {
					B5205F8D268FF51C00022CCD = {
						CreatedOnToolsVersion = 12.5;
					};
					B5205FA3268FF51E00022CCD = {
						CreatedOnToolsVersion = 12.5;
						TestTargetID = B5205F8D268FF51C00022CCD;
					};
					B5205FAE268FF51E00022CCD = {
						CreatedOnToolsVersion = 12.5;
						TestTargetID = B5205F8D268FF51C00022CCD;
					};
					B52FA62A2693BFE400CD5331 = {
						CreatedOnToolsVersion = 12.5;
					};
				};
			};
			buildConfigurationList = B5205F89268FF51C00022CCD /* Build configuration list for PBXProject "Fencing" */;
			compatibilityVersion = "Xcode 9.3";
			developmentRegion = en;
			hasScannedForEncodings = 0;
			knownRegions = (
				en,
				Base,
			);
			mainGroup = B5205F85268FF51C00022CCD;
			packageReferences = (
				B5205FC32690361500022CCD /* XCRemoteSwiftPackageReference "PopupView" */,
			);
			productRefGroup = B5205F8F268FF51C00022CCD /* Products */;
			projectDirPath = "";
			projectRoot = "";
			targets = (
				B5205F8D268FF51C00022CCD /* Fencing */,
				B5205FA3268FF51E00022CCD /* FencingTests */,
				B5205FAE268FF51E00022CCD /* FencingUITests */,
				B52FA62A2693BFE400CD5331 /* FencingTimeURL */,
			);
		};
/* End PBXProject section */

/* Begin PBXResourcesBuildPhase section */
		B5205F8C268FF51C00022CCD /* Resources */ = {
			isa = PBXResourcesBuildPhase;
			buildActionMask = 2147483647;
			files = (
				B5205F99268FF51D00022CCD /* Preview Assets.xcassets in Resources */,
				B5205F96268FF51D00022CCD /* Assets.xcassets in Resources */,
			);
			runOnlyForDeploymentPostprocessing = 0;
		};
		B5205FA2268FF51E00022CCD /* Resources */ = {
			isa = PBXResourcesBuildPhase;
			buildActionMask = 2147483647;
			files = (
			);
			runOnlyForDeploymentPostprocessing = 0;
		};
		B5205FAD268FF51E00022CCD /* Resources */ = {
			isa = PBXResourcesBuildPhase;
			buildActionMask = 2147483647;
			files = (
			);
			runOnlyForDeploymentPostprocessing = 0;
		};
		B52FA6292693BFE400CD5331 /* Resources */ = {
			isa = PBXResourcesBuildPhase;
			buildActionMask = 2147483647;
			files = (
				B52FA6312693BFE400CD5331 /* MainInterface.storyboard in Resources */,
				B52FA63D2693C2B400CD5331 /* ExtensionClass.js in Resources */,
			);
			runOnlyForDeploymentPostprocessing = 0;
		};
/* End PBXResourcesBuildPhase section */

/* Begin PBXSourcesBuildPhase section */
		B5205F8A268FF51C00022CCD /* Sources */ = {
			isa = PBXSourcesBuildPhase;
			buildActionMask = 2147483647;
			files = (
				B5205F9B268FF51D00022CCD /* Persistence.swift in Sources */,
				B575CD412699F41900E8D748 /* BracketView.swift in Sources */,
				B52FA6202692AF2C00CD5331 /* Colors.swift in Sources */,
				B575CD3D2699ED9600E8D748 /* BracketOfSixteen.swift in Sources */,
				B5205FE12690E24200022CCD /* Fencer+CoreDataProperties.swift in Sources */,
				B575CD362698E63E00E8D748 /* BracketOfEight.swift in Sources */,
				B575CD55269DC84000E8D748 /* BoardingPage.swift in Sources */,
				B52FA6242692C36C00CD5331 /* AllBracketsView.swift in Sources */,
				B5205F94268FF51C00022CCD /* ContentView.swift in Sources */,
				B5367C8C26955B1300A3C12E /* Color-AppStorage.swift in Sources */,
				B5205FD62690AF2200022CCD /* Pool+CoreDataClass.swift in Sources */,
				B5205FDD2690BA5A00022CCD /* PoolView.swift in Sources */,
				B52FA61C2691827700CD5331 /* GridInfo.swift in Sources */,
				B575CD3B26996C0200E8D748 /* DE Orders.swift in Sources */,
				B5205FE02690E24200022CCD /* Fencer+CoreDataClass.swift in Sources */,
				B52FA61626910A4300CD5331 /* FormatScore.swift in Sources */,
				B575CD3F2699F14D00E8D748 /* Array-Chunked.swift in Sources */,
				B575CD51269CE8AF00E8D748 /* Array-RawRepresentable.swift in Sources */,
				B5205F9E268FF51D00022CCD /* Fencing.xcdatamodeld in Sources */,
				B52FA6222692BFA100CD5331 /* Zoom.swift in Sources */,
				B575CD43269A0CF200E8D748 /* Enums.swift in Sources */,
				B575CD47269A0DB300E8D748 /* BracketItem+CoreDataProperties.swift in Sources */,
				B5205FD42690AF2200022CCD /* Bout+CoreDataClass.swift in Sources */,
				B52FA6262692DBF600CD5331 /* View-if.swift in Sources */,
				B5367C8E26955ECC00A3C12E /* PoolInfo.swift in Sources */,
				B5205FD72690AF2200022CCD /* Pool+CoreDataProperties.swift in Sources */,
				B5205F92268FF51C00022CCD /* FencingApp.swift in Sources */,
				B5205FD52690AF2200022CCD /* Bout+CoreDataProperties.swift in Sources */,
				B52FA618269170AF00CD5331 /* SettingsView.swift in Sources */,
				B575CD49269CAEE100E8D748 /* NotificationCenter.swift in Sources */,
				B575CD322697576200E8D748 /* String-substring.swift in Sources */,
				B575CD46269A0DB300E8D748 /* BracketItem+CoreDataClass.swift in Sources */,
				B575CD342697595400E8D748 /* UITextField-Toolbar.swift in Sources */,
			);
			runOnlyForDeploymentPostprocessing = 0;
		};
		B5205FA0268FF51E00022CCD /* Sources */ = {
			isa = PBXSourcesBuildPhase;
			buildActionMask = 2147483647;
			files = (
				B5205FA9268FF51E00022CCD /* FencingTests.swift in Sources */,
			);
			runOnlyForDeploymentPostprocessing = 0;
		};
		B5205FAB268FF51E00022CCD /* Sources */ = {
			isa = PBXSourcesBuildPhase;
			buildActionMask = 2147483647;
			files = (
				B5205FB4268FF51E00022CCD /* FencingUITests.swift in Sources */,
			);
			runOnlyForDeploymentPostprocessing = 0;
		};
		B52FA6272693BFE400CD5331 /* Sources */ = {
			isa = PBXSourcesBuildPhase;
			buildActionMask = 2147483647;
			files = (
				B52FA62E2693BFE400CD5331 /* ShareViewController.swift in Sources */,
			);
			runOnlyForDeploymentPostprocessing = 0;
		};
/* End PBXSourcesBuildPhase section */

/* Begin PBXTargetDependency section */
		B5205FA6268FF51E00022CCD /* PBXTargetDependency */ = {
			isa = PBXTargetDependency;
			target = B5205F8D268FF51C00022CCD /* Fencing */;
			targetProxy = B5205FA5268FF51E00022CCD /* PBXContainerItemProxy */;
		};
		B5205FB1268FF51E00022CCD /* PBXTargetDependency */ = {
			isa = PBXTargetDependency;
			target = B5205F8D268FF51C00022CCD /* Fencing */;
			targetProxy = B5205FB0268FF51E00022CCD /* PBXContainerItemProxy */;
		};
		B52FA6342693BFE400CD5331 /* PBXTargetDependency */ = {
			isa = PBXTargetDependency;
			target = B52FA62A2693BFE400CD5331 /* FencingTimeURL */;
			targetProxy = B52FA6332693BFE400CD5331 /* PBXContainerItemProxy */;
		};
/* End PBXTargetDependency section */

/* Begin PBXVariantGroup section */
		B52FA62F2693BFE400CD5331 /* MainInterface.storyboard */ = {
			isa = PBXVariantGroup;
			children = (
				B52FA6302693BFE400CD5331 /* Base */,
			);
			name = MainInterface.storyboard;
			sourceTree = "<group>";
		};
/* End PBXVariantGroup section */

/* Begin XCBuildConfiguration section */
		B5205FB6268FF51E00022CCD /* Debug */ = {
			isa = XCBuildConfiguration;
			buildSettings = {
				ALWAYS_SEARCH_USER_PATHS = NO;
				CLANG_ANALYZER_NONNULL = YES;
				CLANG_ANALYZER_NUMBER_OBJECT_CONVERSION = YES_AGGRESSIVE;
				CLANG_CXX_LANGUAGE_STANDARD = "gnu++14";
				CLANG_CXX_LIBRARY = "libc++";
				CLANG_ENABLE_MODULES = YES;
				CLANG_ENABLE_OBJC_ARC = YES;
				CLANG_ENABLE_OBJC_WEAK = YES;
				CLANG_WARN_BLOCK_CAPTURE_AUTORELEASING = YES;
				CLANG_WARN_BOOL_CONVERSION = YES;
				CLANG_WARN_COMMA = YES;
				CLANG_WARN_CONSTANT_CONVERSION = YES;
				CLANG_WARN_DEPRECATED_OBJC_IMPLEMENTATIONS = YES;
				CLANG_WARN_DIRECT_OBJC_ISA_USAGE = YES_ERROR;
				CLANG_WARN_DOCUMENTATION_COMMENTS = YES;
				CLANG_WARN_EMPTY_BODY = YES;
				CLANG_WARN_ENUM_CONVERSION = YES;
				CLANG_WARN_INFINITE_RECURSION = YES;
				CLANG_WARN_INT_CONVERSION = YES;
				CLANG_WARN_NON_LITERAL_NULL_CONVERSION = YES;
				CLANG_WARN_OBJC_IMPLICIT_RETAIN_SELF = YES;
				CLANG_WARN_OBJC_LITERAL_CONVERSION = YES;
				CLANG_WARN_OBJC_ROOT_CLASS = YES_ERROR;
				CLANG_WARN_QUOTED_INCLUDE_IN_FRAMEWORK_HEADER = YES;
				CLANG_WARN_RANGE_LOOP_ANALYSIS = YES;
				CLANG_WARN_STRICT_PROTOTYPES = YES;
				CLANG_WARN_SUSPICIOUS_MOVE = YES;
				CLANG_WARN_UNGUARDED_AVAILABILITY = YES_AGGRESSIVE;
				CLANG_WARN_UNREACHABLE_CODE = YES;
				CLANG_WARN__DUPLICATE_METHOD_MATCH = YES;
				COPY_PHASE_STRIP = NO;
				DEBUG_INFORMATION_FORMAT = dwarf;
				ENABLE_STRICT_OBJC_MSGSEND = YES;
				ENABLE_TESTABILITY = YES;
				GCC_C_LANGUAGE_STANDARD = gnu11;
				GCC_DYNAMIC_NO_PIC = NO;
				GCC_NO_COMMON_BLOCKS = YES;
				GCC_OPTIMIZATION_LEVEL = 0;
				GCC_PREPROCESSOR_DEFINITIONS = (
					"DEBUG=1",
					"$(inherited)",
				);
				GCC_WARN_64_TO_32_BIT_CONVERSION = YES;
				GCC_WARN_ABOUT_RETURN_TYPE = YES_ERROR;
				GCC_WARN_UNDECLARED_SELECTOR = YES;
				GCC_WARN_UNINITIALIZED_AUTOS = YES_AGGRESSIVE;
				GCC_WARN_UNUSED_FUNCTION = YES;
				GCC_WARN_UNUSED_VARIABLE = YES;
				IPHONEOS_DEPLOYMENT_TARGET = 14.5;
				MTL_ENABLE_DEBUG_INFO = INCLUDE_SOURCE;
				MTL_FAST_MATH = YES;
				ONLY_ACTIVE_ARCH = YES;
				SDKROOT = iphoneos;
				SWIFT_ACTIVE_COMPILATION_CONDITIONS = DEBUG;
				SWIFT_OPTIMIZATION_LEVEL = "-Onone";
			};
			name = Debug;
		};
		B5205FB7268FF51E00022CCD /* Release */ = {
			isa = XCBuildConfiguration;
			buildSettings = {
				ALWAYS_SEARCH_USER_PATHS = NO;
				CLANG_ANALYZER_NONNULL = YES;
				CLANG_ANALYZER_NUMBER_OBJECT_CONVERSION = YES_AGGRESSIVE;
				CLANG_CXX_LANGUAGE_STANDARD = "gnu++14";
				CLANG_CXX_LIBRARY = "libc++";
				CLANG_ENABLE_MODULES = YES;
				CLANG_ENABLE_OBJC_ARC = YES;
				CLANG_ENABLE_OBJC_WEAK = YES;
				CLANG_WARN_BLOCK_CAPTURE_AUTORELEASING = YES;
				CLANG_WARN_BOOL_CONVERSION = YES;
				CLANG_WARN_COMMA = YES;
				CLANG_WARN_CONSTANT_CONVERSION = YES;
				CLANG_WARN_DEPRECATED_OBJC_IMPLEMENTATIONS = YES;
				CLANG_WARN_DIRECT_OBJC_ISA_USAGE = YES_ERROR;
				CLANG_WARN_DOCUMENTATION_COMMENTS = YES;
				CLANG_WARN_EMPTY_BODY = YES;
				CLANG_WARN_ENUM_CONVERSION = YES;
				CLANG_WARN_INFINITE_RECURSION = YES;
				CLANG_WARN_INT_CONVERSION = YES;
				CLANG_WARN_NON_LITERAL_NULL_CONVERSION = YES;
				CLANG_WARN_OBJC_IMPLICIT_RETAIN_SELF = YES;
				CLANG_WARN_OBJC_LITERAL_CONVERSION = YES;
				CLANG_WARN_OBJC_ROOT_CLASS = YES_ERROR;
				CLANG_WARN_QUOTED_INCLUDE_IN_FRAMEWORK_HEADER = YES;
				CLANG_WARN_RANGE_LOOP_ANALYSIS = YES;
				CLANG_WARN_STRICT_PROTOTYPES = YES;
				CLANG_WARN_SUSPICIOUS_MOVE = YES;
				CLANG_WARN_UNGUARDED_AVAILABILITY = YES_AGGRESSIVE;
				CLANG_WARN_UNREACHABLE_CODE = YES;
				CLANG_WARN__DUPLICATE_METHOD_MATCH = YES;
				COPY_PHASE_STRIP = NO;
				DEBUG_INFORMATION_FORMAT = "dwarf-with-dsym";
				ENABLE_NS_ASSERTIONS = NO;
				ENABLE_STRICT_OBJC_MSGSEND = YES;
				GCC_C_LANGUAGE_STANDARD = gnu11;
				GCC_NO_COMMON_BLOCKS = YES;
				GCC_WARN_64_TO_32_BIT_CONVERSION = YES;
				GCC_WARN_ABOUT_RETURN_TYPE = YES_ERROR;
				GCC_WARN_UNDECLARED_SELECTOR = YES;
				GCC_WARN_UNINITIALIZED_AUTOS = YES_AGGRESSIVE;
				GCC_WARN_UNUSED_FUNCTION = YES;
				GCC_WARN_UNUSED_VARIABLE = YES;
				IPHONEOS_DEPLOYMENT_TARGET = 14.5;
				MTL_ENABLE_DEBUG_INFO = NO;
				MTL_FAST_MATH = YES;
				SDKROOT = iphoneos;
				SWIFT_COMPILATION_MODE = wholemodule;
				SWIFT_OPTIMIZATION_LEVEL = "-O";
				VALIDATE_PRODUCT = YES;
			};
			name = Release;
		};
		B5205FB9268FF51E00022CCD /* Debug */ = {
			isa = XCBuildConfiguration;
			buildSettings = {
				ALWAYS_EMBED_SWIFT_STANDARD_LIBRARIES = YES;
				ASSETCATALOG_COMPILER_APPICON_NAME = AppIcon;
				ASSETCATALOG_COMPILER_GLOBAL_ACCENT_COLOR_NAME = AccentColor;
				CODE_SIGN_STYLE = Automatic;
				DEVELOPMENT_ASSET_PATHS = "\"Fencing/Preview Content\"";
				DEVELOPMENT_TEAM = 4DWUZ6JCGN;
				ENABLE_PREVIEWS = YES;
				INFOPLIST_FILE = Fencing/Info.plist;
				IPHONEOS_DEPLOYMENT_TARGET = 14.0;
				LD_RUNPATH_SEARCH_PATHS = (
					"$(inherited)",
					"@executable_path/Frameworks",
				);
				PRODUCT_BUNDLE_IDENTIFIER = "com.benk.flagguess.Guess-the-Flag";
				PRODUCT_NAME = "$(TARGET_NAME)";
				SWIFT_VERSION = 5.0;
				TARGETED_DEVICE_FAMILY = "1,2";
			};
			name = Debug;
		};
		B5205FBA268FF51E00022CCD /* Release */ = {
			isa = XCBuildConfiguration;
			buildSettings = {
				ALWAYS_EMBED_SWIFT_STANDARD_LIBRARIES = YES;
				ASSETCATALOG_COMPILER_APPICON_NAME = AppIcon;
				ASSETCATALOG_COMPILER_GLOBAL_ACCENT_COLOR_NAME = AccentColor;
				CODE_SIGN_STYLE = Automatic;
				DEVELOPMENT_ASSET_PATHS = "\"Fencing/Preview Content\"";
				DEVELOPMENT_TEAM = 4DWUZ6JCGN;
				ENABLE_PREVIEWS = YES;
				INFOPLIST_FILE = Fencing/Info.plist;
				IPHONEOS_DEPLOYMENT_TARGET = 14.0;
				LD_RUNPATH_SEARCH_PATHS = (
					"$(inherited)",
					"@executable_path/Frameworks",
				);
				PRODUCT_BUNDLE_IDENTIFIER = "com.benk.flagguess.Guess-the-Flag";
				PRODUCT_NAME = "$(TARGET_NAME)";
				SWIFT_VERSION = 5.0;
				TARGETED_DEVICE_FAMILY = "1,2";
			};
			name = Release;
		};
		B5205FBC268FF51E00022CCD /* Debug */ = {
			isa = XCBuildConfiguration;
			buildSettings = {
				ALWAYS_EMBED_SWIFT_STANDARD_LIBRARIES = YES;
				BUNDLE_LOADER = "$(TEST_HOST)";
				CODE_SIGN_STYLE = Automatic;
				DEVELOPMENT_TEAM = 4DWUZ6JCGN;
				INFOPLIST_FILE = FencingTests/Info.plist;
				IPHONEOS_DEPLOYMENT_TARGET = 14.0;
				LD_RUNPATH_SEARCH_PATHS = (
					"$(inherited)",
					"@executable_path/Frameworks",
					"@loader_path/Frameworks",
				);
				PRODUCT_BUNDLE_IDENTIFIER = com.benk.100days.FencingTests;
				PRODUCT_NAME = "$(TARGET_NAME)";
				SWIFT_VERSION = 5.0;
				TARGETED_DEVICE_FAMILY = "1,2";
				TEST_HOST = "$(BUILT_PRODUCTS_DIR)/Fencing.app/Fencing";
			};
			name = Debug;
		};
		B5205FBD268FF51E00022CCD /* Release */ = {
			isa = XCBuildConfiguration;
			buildSettings = {
				ALWAYS_EMBED_SWIFT_STANDARD_LIBRARIES = YES;
				BUNDLE_LOADER = "$(TEST_HOST)";
				CODE_SIGN_STYLE = Automatic;
				DEVELOPMENT_TEAM = 4DWUZ6JCGN;
				INFOPLIST_FILE = FencingTests/Info.plist;
				IPHONEOS_DEPLOYMENT_TARGET = 14.0;
				LD_RUNPATH_SEARCH_PATHS = (
					"$(inherited)",
					"@executable_path/Frameworks",
					"@loader_path/Frameworks",
				);
				PRODUCT_BUNDLE_IDENTIFIER = com.benk.100days.FencingTests;
				PRODUCT_NAME = "$(TARGET_NAME)";
				SWIFT_VERSION = 5.0;
				TARGETED_DEVICE_FAMILY = "1,2";
				TEST_HOST = "$(BUILT_PRODUCTS_DIR)/Fencing.app/Fencing";
			};
			name = Release;
		};
		B5205FBF268FF51E00022CCD /* Debug */ = {
			isa = XCBuildConfiguration;
			buildSettings = {
				ALWAYS_EMBED_SWIFT_STANDARD_LIBRARIES = YES;
				CODE_SIGN_STYLE = Automatic;
				DEVELOPMENT_TEAM = 4DWUZ6JCGN;
				INFOPLIST_FILE = FencingUITests/Info.plist;
				LD_RUNPATH_SEARCH_PATHS = (
					"$(inherited)",
					"@executable_path/Frameworks",
					"@loader_path/Frameworks",
				);
				PRODUCT_BUNDLE_IDENTIFIER = com.benk.100days.FencingUITests;
				PRODUCT_NAME = "$(TARGET_NAME)";
				SWIFT_VERSION = 5.0;
				TARGETED_DEVICE_FAMILY = "1,2";
				TEST_TARGET_NAME = Fencing;
			};
			name = Debug;
		};
		B5205FC0268FF51E00022CCD /* Release */ = {
			isa = XCBuildConfiguration;
			buildSettings = {
				ALWAYS_EMBED_SWIFT_STANDARD_LIBRARIES = YES;
				CODE_SIGN_STYLE = Automatic;
				DEVELOPMENT_TEAM = 4DWUZ6JCGN;
				INFOPLIST_FILE = FencingUITests/Info.plist;
				LD_RUNPATH_SEARCH_PATHS = (
					"$(inherited)",
					"@executable_path/Frameworks",
					"@loader_path/Frameworks",
				);
				PRODUCT_BUNDLE_IDENTIFIER = com.benk.100days.FencingUITests;
				PRODUCT_NAME = "$(TARGET_NAME)";
				SWIFT_VERSION = 5.0;
				TARGETED_DEVICE_FAMILY = "1,2";
				TEST_TARGET_NAME = Fencing;
			};
			name = Release;
		};
		B52FA6372693BFE400CD5331 /* Debug */ = {
			isa = XCBuildConfiguration;
			buildSettings = {
				CODE_SIGN_STYLE = Automatic;
				DEVELOPMENT_TEAM = 4DWUZ6JCGN;
				INFOPLIST_FILE = FencingTimeURL/Info.plist;
				LD_RUNPATH_SEARCH_PATHS = (
					"$(inherited)",
					"@executable_path/Frameworks",
					"@executable_path/../../Frameworks",
				);
				PRODUCT_BUNDLE_IDENTIFIER = "com.benk.flagguess.Guess-the-Flag.FencingTimeURL";
				PRODUCT_NAME = "$(TARGET_NAME)";
				SKIP_INSTALL = YES;
				SWIFT_VERSION = 5.0;
				TARGETED_DEVICE_FAMILY = "1,2";
			};
			name = Debug;
		};
		B52FA6382693BFE400CD5331 /* Release */ = {
			isa = XCBuildConfiguration;
			buildSettings = {
				CODE_SIGN_STYLE = Automatic;
				DEVELOPMENT_TEAM = 4DWUZ6JCGN;
				INFOPLIST_FILE = FencingTimeURL/Info.plist;
				LD_RUNPATH_SEARCH_PATHS = (
					"$(inherited)",
					"@executable_path/Frameworks",
					"@executable_path/../../Frameworks",
				);
				PRODUCT_BUNDLE_IDENTIFIER = "com.benk.flagguess.Guess-the-Flag.FencingTimeURL";
				PRODUCT_NAME = "$(TARGET_NAME)";
				SKIP_INSTALL = YES;
				SWIFT_VERSION = 5.0;
				TARGETED_DEVICE_FAMILY = "1,2";
			};
			name = Release;
		};
/* End XCBuildConfiguration section */

/* Begin XCConfigurationList section */
		B5205F89268FF51C00022CCD /* Build configuration list for PBXProject "Fencing" */ = {
			isa = XCConfigurationList;
			buildConfigurations = (
				B5205FB6268FF51E00022CCD /* Debug */,
				B5205FB7268FF51E00022CCD /* Release */,
			);
			defaultConfigurationIsVisible = 0;
			defaultConfigurationName = Release;
		};
		B5205FB8268FF51E00022CCD /* Build configuration list for PBXNativeTarget "Fencing" */ = {
			isa = XCConfigurationList;
			buildConfigurations = (
				B5205FB9268FF51E00022CCD /* Debug */,
				B5205FBA268FF51E00022CCD /* Release */,
			);
			defaultConfigurationIsVisible = 0;
			defaultConfigurationName = Release;
		};
		B5205FBB268FF51E00022CCD /* Build configuration list for PBXNativeTarget "FencingTests" */ = {
			isa = XCConfigurationList;
			buildConfigurations = (
				B5205FBC268FF51E00022CCD /* Debug */,
				B5205FBD268FF51E00022CCD /* Release */,
			);
			defaultConfigurationIsVisible = 0;
			defaultConfigurationName = Release;
		};
		B5205FBE268FF51E00022CCD /* Build configuration list for PBXNativeTarget "FencingUITests" */ = {
			isa = XCConfigurationList;
			buildConfigurations = (
				B5205FBF268FF51E00022CCD /* Debug */,
				B5205FC0268FF51E00022CCD /* Release */,
			);
			defaultConfigurationIsVisible = 0;
			defaultConfigurationName = Release;
		};
		B52FA6362693BFE400CD5331 /* Build configuration list for PBXNativeTarget "FencingTimeURL" */ = {
			isa = XCConfigurationList;
			buildConfigurations = (
				B52FA6372693BFE400CD5331 /* Debug */,
				B52FA6382693BFE400CD5331 /* Release */,
			);
			defaultConfigurationIsVisible = 0;
			defaultConfigurationName = Release;
		};
/* End XCConfigurationList section */

/* Begin XCRemoteSwiftPackageReference section */
		B5205FC32690361500022CCD /* XCRemoteSwiftPackageReference "PopupView" */ = {
			isa = XCRemoteSwiftPackageReference;
			repositoryURL = "https://github.com/exyte/PopupView";
			requirement = {
				kind = upToNextMajorVersion;
				minimumVersion = 1.0.1;
			};
		};
/* End XCRemoteSwiftPackageReference section */

/* Begin XCSwiftPackageProductDependency section */
		B5205FC42690361500022CCD /* PopupView */ = {
			isa = XCSwiftPackageProductDependency;
			package = B5205FC32690361500022CCD /* XCRemoteSwiftPackageReference "PopupView" */;
			productName = PopupView;
		};
/* End XCSwiftPackageProductDependency section */

/* Begin XCVersionGroup section */
		B5205F9C268FF51D00022CCD /* Fencing.xcdatamodeld */ = {
			isa = XCVersionGroup;
			children = (
				B5205F9D268FF51D00022CCD /* Fencing.xcdatamodel */,
			);
			currentVersion = B5205F9D268FF51D00022CCD /* Fencing.xcdatamodel */;
			path = Fencing.xcdatamodeld;
			sourceTree = "<group>";
			versionGroupType = wrapper.xcdatamodel;
		};
/* End XCVersionGroup section */
	};
	rootObject = B5205F86268FF51C00022CCD /* Project object */;
}
